
Microsoft Visual Studio Solution File, Format Version 12.00
# Visual Studio Version 17
VisualStudioVersion = 17.14.36221.1
MinimumVisualStudioVersion = 10.0.40219.1
Project("{8BC9CEB8-8B4A-11D0-8D11-00A0C91BC942}") = "FAQ", "FAQ\FAQ.vcxproj", "{D727C6FF-FF91-4195-A737-1B98948DBEC2}"
EndProject
Project("{8BC9CEB8-8B4A-11D0-8D11-00A0C91BC942}") = "FAQ Tests", "FAQ Tests\FAQ Tests.vcxproj", "{0E1DB0F2-FF64-4F29-BF19-8FF5F1ACF76A}"
EndProject
Global
	GlobalSection(SolutionConfigurationPlatforms) = preSolution
		Debug|x64 = Debug|x64
		Debug|x86 = Debug|x86
		Release|x64 = Release|x64
		Release|x86 = Release|x86
	EndGlobalSection
	GlobalSection(ProjectConfigurationPlatforms) = postSolution
		{D727C6FF-FF91-4195-A737-1B98948DBEC2}.Debug|x64.ActiveCfg = Debug|x64
		{D727C6FF-FF91-4195-A737-1B98948DBEC2}.Debug|x64.Build.0 = Debug|x64
		{D727C6FF-FF91-4195-A737-1B98948DBEC2}.Debug|x86.ActiveCfg = Debug|Win32
		{D727C6FF-FF91-4195-A737-1B98948DBEC2}.Debug|x86.Build.0 = Debug|Win32
		{D727C6FF-FF91-4195-A737-1B98948DBEC2}.Release|x64.ActiveCfg = Release|x64
		{D727C6FF-FF91-4195-A737-1B98948DBEC2}.Release|x64.Build.0 = Release|x64
		{D727C6FF-FF91-4195-A737-1B98948DBEC2}.Release|x86.ActiveCfg = Release|Win32
		{D727C6FF-FF91-4195-A737-1B98948DBEC2}.Release|x86.Build.0 = Release|Win32
		{0E1DB0F2-FF64-4F29-BF19-8FF5F1ACF76A}.Debug|x64.ActiveCfg = Debug|x64
		{0E1DB0F2-FF64-4F29-BF19-8FF5F1ACF76A}.Debug|x64.Build.0 = Debug|x64
		{0E1DB0F2-FF64-4F29-BF19-8FF5F1ACF76A}.Debug|x86.ActiveCfg = Debug|Win32
		{0E1DB0F2-FF64-4F29-BF19-8FF5F1ACF76A}.Debug|x86.Build.0 = Debug|Win32
		{0E1DB0F2-FF64-4F29-BF19-8FF5F1ACF76A}.Release|x64.ActiveCfg = Release|x64
		{0E1DB0F2-FF64-4F29-BF19-8FF5F1ACF76A}.Release|x64.Build.0 = Release|x64
		{0E1DB0F2-FF64-4F29-BF19-8FF5F1ACF76A}.Release|x86.ActiveCfg = Release|Win32
		{0E1DB0F2-FF64-4F29-BF19-8FF5F1ACF76A}.Release|x86.Build.0 = Release|Win32
	EndGlobalSection
	GlobalSection(SolutionProperties) = preSolution
		HideSolutionNode = FALSE
	EndGlobalSection
	GlobalSection(ExtensibilityGlobals) = postSolution
		SolutionGuid = {13133A46-297D-4796-B25C-8B971F3BF788}
	EndGlobalSection
EndGlobal
